// !$*UTF8*$!
{
	archiveVersion = 1;
	classes = {
	};
	objectVersion = 55;
	objects = {

/* Begin PBXBuildFile section */
		30353CFA2764ACAE008AD799 /* UDPApp.swift in Sources */ = {isa = PBXBuildFile; fileRef = 30353CF92764ACAE008AD799 /* UDPApp.swift */; };
		30353CFC2764ACAE008AD799 /* ContentView.swift in Sources */ = {isa = PBXBuildFile; fileRef = 30353CFB2764ACAE008AD799 /* ContentView.swift */; };
		30353CFE2764ACB0008AD799 /* Assets.xcassets in Resources */ = {isa = PBXBuildFile; fileRef = 30353CFD2764ACB0008AD799 /* Assets.xcassets */; };
		30353D012764ACB0008AD799 /* Preview Assets.xcassets in Resources */ = {isa = PBXBuildFile; fileRef = 30353D002764ACB0008AD799 /* Preview Assets.xcassets */; };
		30353D082764ADF2008AD799 /* UDP.swift in Sources */ = {isa = PBXBuildFile; fileRef = 30353D072764ADF2008AD799 /* UDP.swift */; };
		30353D0B2764B38B008AD799 /* Color Extension.swift in Sources */ = {isa = PBXBuildFile; fileRef = 30353D0A2764B38B008AD799 /* Color Extension.swift */; };
		30353D0E2764B3BF008AD799 /* NeumorphicStyleTextField.swift in Sources */ = {isa = PBXBuildFile; fileRef = 30353D0D2764B3BF008AD799 /* NeumorphicStyleTextField.swift */; };
		30D28BA82764BD1600DF120F /* NeumorphicStyleButton.swift in Sources */ = {isa = PBXBuildFile; fileRef = 30D28BA72764BD1600DF120F /* NeumorphicStyleButton.swift */; };
/* End PBXBuildFile section */

/* Begin PBXFileReference section */
		30353CF62764ACAE008AD799 /* UDP.app */ = {isa = PBXFileReference; explicitFileType = wrapper.application; includeInIndex = 0; path = UDP.app; sourceTree = BUILT_PRODUCTS_DIR; };
		30353CF92764ACAE008AD799 /* UDPApp.swift */ = {isa = PBXFileReference; lastKnownFileType = sourcecode.swift; path = UDPApp.swift; sourceTree = "<group>"; };
		30353CFB2764ACAE008AD799 /* ContentView.swift */ = {isa = PBXFileReference; lastKnownFileType = sourcecode.swift; path = ContentView.swift; sourceTree = "<group>"; };
		30353CFD2764ACB0008AD799 /* Assets.xcassets */ = {isa = PBXFileReference; lastKnownFileType = folder.assetcatalog; path = Assets.xcassets; sourceTree = "<group>"; };
		30353D002764ACB0008AD799 /* Preview Assets.xcassets */ = {isa = PBXFileReference; lastKnownFileType = folder.assetcatalog; path = "Preview Assets.xcassets"; sourceTree = "<group>"; };
		30353D072764ADF2008AD799 /* UDP.swift */ = {isa = PBXFileReference; lastKnownFileType = sourcecode.swift; path = UDP.swift; sourceTree = "<group>"; };
		30353D0A2764B38B008AD799 /* Color Extension.swift */ = {isa = PBXFileReference; lastKnownFileType = sourcecode.swift; path = "Color Extension.swift"; sourceTree = "<group>"; };
		30353D0D2764B3BF008AD799 /* NeumorphicStyleTextField.swift */ = {isa = PBXFileReference; lastKnownFileType = sourcecode.swift; path = NeumorphicStyleTextField.swift; sourceTree = "<group>"; };
		30D28BA72764BD1600DF120F /* NeumorphicStyleButton.swift */ = {isa = PBXFileReference; lastKnownFileType = sourcecode.swift; path = NeumorphicStyleButton.swift; sourceTree = "<group>"; };
		30D28BAA2764CFF500DF120F /* UDP.entitlements */ = {isa = PBXFileReference; lastKnownFileType = text.plist.entitlements; path = UDP.entitlements; sourceTree = "<group>"; };
/* End PBXFileReference section */

/* Begin PBXFrameworksBuildPhase section */
		30353CF32764ACAE008AD799 /* Frameworks */ = {
			isa = PBXFrameworksBuildPhase;
			buildActionMask = 2147483647;
			files = (
			);
			runOnlyForDeploymentPostprocessing = 0;
		};
/* End PBXFrameworksBuildPhase section */

/* Begin PBXGroup section */
		30353CED2764ACAE008AD799 = {
			isa = PBXGroup;
			children = (
				30353CF82764ACAE008AD799 /* UDP */,
				30353CF72764ACAE008AD799 /* Products */,
			);
			sourceTree = "<group>";
		};
		30353CF72764ACAE008AD799 /* Products */ = {
			isa = PBXGroup;
			children = (
				30353CF62764ACAE008AD799 /* UDP.app */,
			);
			name = Products;
			sourceTree = "<group>";
		};
		30353CF82764ACAE008AD799 /* UDP */ = {
			isa = PBXGroup;
			children = (
				30D28BAA2764CFF500DF120F /* UDP.entitlements */,
				30353CF92764ACAE008AD799 /* UDPApp.swift */,
				30353CFB2764ACAE008AD799 /* ContentView.swift */,
				30D28BA92764C37200DF120F /* Module */,
				30353D0C2764B3A3008AD799 /* Views */,
				30353D092764B36C008AD799 /* Extensions */,
				30353CFD2764ACB0008AD799 /* Assets.xcassets */,
				30353CFF2764ACB0008AD799 /* Preview Content */,
			);
			path = UDP;
			sourceTree = "<group>";
		};
		30353CFF2764ACB0008AD799 /* Preview Content */ = {
			isa = PBXGroup;
			children = (
				30353D002764ACB0008AD799 /* Preview Assets.xcassets */,
			);
			path = "Preview Content";
			sourceTree = "<group>";
		};
		30353D092764B36C008AD799 /* Extensions */ = {
			isa = PBXGroup;
			children = (
				30353D0A2764B38B008AD799 /* Color Extension.swift */,
			);
			path = Extensions;
			sourceTree = "<group>";
		};
		30353D0C2764B3A3008AD799 /* Views */ = {
			isa = PBXGroup;
			children = (
				30353D0D2764B3BF008AD799 /* NeumorphicStyleTextField.swift */,
				30D28BA72764BD1600DF120F /* NeumorphicStyleButton.swift */,
			);
			path = Views;
			sourceTree = "<group>";
		};
		30D28BA92764C37200DF120F /* Module */ = {
			isa = PBXGroup;
			children = (
				30353D072764ADF2008AD799 /* UDP.swift */,
			);
			path = Module;
			sourceTree = "<group>";
		};
/* End PBXGroup section */

/* Begin PBXNativeTarget section */
		30353CF52764ACAE008AD799 /* UDP */ = {
			isa = PBXNativeTarget;
			buildConfigurationList = 30353D042764ACB0008AD799 /* Build configuration list for PBXNativeTarget "UDP" */;
			buildPhases = (
				30353CF22764ACAE008AD799 /* Sources */,
				30353CF32764ACAE008AD799 /* Frameworks */,
				30353CF42764ACAE008AD799 /* Resources */,
			);
			buildRules = (
			);
			dependencies = (
			);
			name = UDP;
			productName = UDP;
			productReference = 30353CF62764ACAE008AD799 /* UDP.app */;
			productType = "com.apple.product-type.application";
		};
/* End PBXNativeTarget section */

/* Begin PBXProject section */
		30353CEE2764ACAE008AD799 /* Project object */ = {
			isa = PBXProject;
			attributes = {
				BuildIndependentTargetsInParallel = 1;
				LastSwiftUpdateCheck = 1310;
				LastUpgradeCheck = 1310;
				TargetAttributes = {
					30353CF52764ACAE008AD799 = {
						CreatedOnToolsVersion = 13.1;
					};
				};
			};
			buildConfigurationList = 30353CF12764ACAE008AD799 /* Build configuration list for PBXProject "UDP" */;
			compatibilityVersion = "Xcode 13.0";
			developmentRegion = en;
			hasScannedForEncodings = 0;
			knownRegions = (
				en,
				Base,
			);
			mainGroup = 30353CED2764ACAE008AD799;
			productRefGroup = 30353CF72764ACAE008AD799 /* Products */;
			projectDirPath = "";
			projectRoot = "";
			targets = (
				30353CF52764ACAE008AD799 /* UDP */,
			);
		};
/* End PBXProject section */

/* Begin PBXResourcesBuildPhase section */
		30353CF42764ACAE008AD799 /* Resources */ = {
			isa = PBXResourcesBuildPhase;
			buildActionMask = 2147483647;
			files = (
				30353D012764ACB0008AD799 /* Preview Assets.xcassets in Resources */,
				30353CFE2764ACB0008AD799 /* Assets.xcassets in Resources */,
			);
			runOnlyForDeploymentPostprocessing = 0;
		};
/* End PBXResourcesBuildPhase section */

/* Begin PBXSourcesBuildPhase section */
		30353CF22764ACAE008AD799 /* Sources */ = {
			isa = PBXSourcesBuildPhase;
			buildActionMask = 2147483647;
			files = (
				30353D0B2764B38B008AD799 /* Color Extension.swift in Sources */,
				30353CFC2764ACAE008AD799 /* ContentView.swift in Sources */,
				30353CFA2764ACAE008AD799 /* UDPApp.swift in Sources */,
				30D28BA82764BD1600DF120F /* NeumorphicStyleButton.swift in Sources */,
				30353D0E2764B3BF008AD799 /* NeumorphicStyleTextField.swift in Sources */,
				30353D082764ADF2008AD799 /* UDP.swift in Sources */,
			);
			runOnlyForDeploymentPostprocessing = 0;
		};
/* End PBXSourcesBuildPhase section */

/* Begin XCBuildConfiguration section */
		30353D022764ACB0008AD799 /* Debug */ = {
			isa = XCBuildConfiguration;
			buildSettings = {
				ALWAYS_SEARCH_USER_PATHS = NO;
				CLANG_ANALYZER_NONNULL = YES;
				CLANG_ANALYZER_NUMBER_OBJECT_CONVERSION = YES_AGGRESSIVE;
				CLANG_CXX_LANGUAGE_STANDARD = "gnu++17";
				CLANG_CXX_LIBRARY = "libc++";
				CLANG_ENABLE_MODULES = YES;
				CLANG_ENABLE_OBJC_ARC = YES;
				CLANG_ENABLE_OBJC_WEAK = YES;
				CLANG_WARN_BLOCK_CAPTURE_AUTORELEASING = YES;
				CLANG_WARN_BOOL_CONVERSION = YES;
				CLANG_WARN_COMMA = YES;
				CLANG_WARN_CONSTANT_CONVERSION = YES;
				CLANG_WARN_DEPRECATED_OBJC_IMPLEMENTATIONS = YES;
				CLANG_WARN_DIRECT_OBJC_ISA_USAGE = YES_ERROR;
				CLANG_WARN_DOCUMENTATION_COMMENTS = YES;
				CLANG_WARN_EMPTY_BODY = YES;
				CLANG_WARN_ENUM_CONVERSION = YES;
				CLANG_WARN_INFINITE_RECURSION = YES;
				CLANG_WARN_INT_CONVERSION = YES;
				CLANG_WARN_NON_LITERAL_NULL_CONVERSION = YES;
				CLANG_WARN_OBJC_IMPLICIT_RETAIN_SELF = YES;
				CLANG_WARN_OBJC_LITERAL_CONVERSION = YES;
				CLANG_WARN_OBJC_ROOT_CLASS = YES_ERROR;
				CLANG_WARN_QUOTED_INCLUDE_IN_FRAMEWORK_HEADER = YES;
				CLANG_WARN_RANGE_LOOP_ANALYSIS = YES;
				CLANG_WARN_STRICT_PROTOTYPES = YES;
				CLANG_WARN_SUSPICIOUS_MOVE = YES;
				CLANG_WARN_UNGUARDED_AVAILABILITY = YES_AGGRESSIVE;
				CLANG_WARN_UNREACHABLE_CODE = YES;
				CLANG_WARN__DUPLICATE_METHOD_MATCH = YES;
				COPY_PHASE_STRIP = NO;
				DEBUG_INFORMATION_FORMAT = dwarf;
				ENABLE_STRICT_OBJC_MSGSEND = YES;
				ENABLE_TESTABILITY = YES;
				GCC_C_LANGUAGE_STANDARD = gnu11;
				GCC_DYNAMIC_NO_PIC = NO;
				GCC_NO_COMMON_BLOCKS = YES;
				GCC_OPTIMIZATION_LEVEL = 0;
				GCC_PREPROCESSOR_DEFINITIONS = (
					"DEBUG=1",
					"$(inherited)",
				);
				GCC_WARN_64_TO_32_BIT_CONVERSION = YES;
				GCC_WARN_ABOUT_RETURN_TYPE = YES_ERROR;
				GCC_WARN_UNDECLARED_SELECTOR = YES;
				GCC_WARN_UNINITIALIZED_AUTOS = YES_AGGRESSIVE;
				GCC_WARN_UNUSED_FUNCTION = YES;
				GCC_WARN_UNUSED_VARIABLE = YES;
				IPHONEOS_DEPLOYMENT_TARGET = 15.0;
				MTL_ENABLE_DEBUG_INFO = INCLUDE_SOURCE;
				MTL_FAST_MATH = YES;
				ONLY_ACTIVE_ARCH = YES;
				SDKROOT = iphoneos;
				SWIFT_ACTIVE_COMPILATION_CONDITIONS = DEBUG;
				SWIFT_OPTIMIZATION_LEVEL = "-Onone";
			};
			name = Debug;
		};
		30353D032764ACB0008AD799 /* Release */ = {
			isa = XCBuildConfiguration;
			buildSettings = {
				ALWAYS_SEARCH_USER_PATHS = NO;
				CLANG_ANALYZER_NONNULL = YES;
				CLANG_ANALYZER_NUMBER_OBJECT_CONVERSION = YES_AGGRESSIVE;
				CLANG_CXX_LANGUAGE_STANDARD = "gnu++17";
				CLANG_CXX_LIBRARY = "libc++";
				CLANG_ENABLE_MODULES = YES;
				CLANG_ENABLE_OBJC_ARC = YES;
				CLANG_ENABLE_OBJC_WEAK = YES;
				CLANG_WARN_BLOCK_CAPTURE_AUTORELEASING = YES;
				CLANG_WARN_BOOL_CONVERSION = YES;
				CLANG_WARN_COMMA = YES;
				CLANG_WARN_CONSTANT_CONVERSION = YES;
				CLANG_WARN_DEPRECATED_OBJC_IMPLEMENTATIONS = YES;
				CLANG_WARN_DIRECT_OBJC_ISA_USAGE = YES_ERROR;
				CLANG_WARN_DOCUMENTATION_COMMENTS = YES;
				CLANG_WARN_EMPTY_BODY = YES;
				CLANG_WARN_ENUM_CONVERSION = YES;
				CLANG_WARN_INFINITE_RECURSION = YES;
				CLANG_WARN_INT_CONVERSION = YES;
				CLANG_WARN_NON_LITERAL_NULL_CONVERSION = YES;
				CLANG_WARN_OBJC_IMPLICIT_RETAIN_SELF = YES;
				CLANG_WARN_OBJC_LITERAL_CONVERSION = YES;
				CLANG_WARN_OBJC_ROOT_CLASS = YES_ERROR;
				CLANG_WARN_QUOTED_INCLUDE_IN_FRAMEWORK_HEADER = YES;
				CLANG_WARN_RANGE_LOOP_ANALYSIS = YES;
				CLANG_WARN_STRICT_PROTOTYPES = YES;
				CLANG_WARN_SUSPICIOUS_MOVE = YES;
				CLANG_WARN_UNGUARDED_AVAILABILITY = YES_AGGRESSIVE;
				CLANG_WARN_UNREACHABLE_CODE = YES;
				CLANG_WARN__DUPLICATE_METHOD_MATCH = YES;
				COPY_PHASE_STRIP = NO;
				DEBUG_INFORMATION_FORMAT = "dwarf-with-dsym";
				ENABLE_NS_ASSERTIONS = NO;
				ENABLE_STRICT_OBJC_MSGSEND = YES;
				GCC_C_LANGUAGE_STANDARD = gnu11;
				GCC_NO_COMMON_BLOCKS = YES;
				GCC_WARN_64_TO_32_BIT_CONVERSION = YES;
				GCC_WARN_ABOUT_RETURN_TYPE = YES_ERROR;
				GCC_WARN_UNDECLARED_SELECTOR = YES;
				GCC_WARN_UNINITIALIZED_AUTOS = YES_AGGRESSIVE;
				GCC_WARN_UNUSED_FUNCTION = YES;
				GCC_WARN_UNUSED_VARIABLE = YES;
				IPHONEOS_DEPLOYMENT_TARGET = 15.0;
				MTL_ENABLE_DEBUG_INFO = NO;
				MTL_FAST_MATH = YES;
				SDKROOT = iphoneos;
				SWIFT_COMPILATION_MODE = wholemodule;
				SWIFT_OPTIMIZATION_LEVEL = "-O";
				VALIDATE_PRODUCT = YES;
			};
			name = Release;
		};
		30353D052764ACB0008AD799 /* Debug */ = {
			isa = XCBuildConfiguration;
			buildSettings = {
				ASSETCATALOG_COMPILER_APPICON_NAME = AppIcon;
				ASSETCATALOG_COMPILER_GLOBAL_ACCENT_COLOR_NAME = AccentColor;
				CODE_SIGN_ENTITLEMENTS = UDP/UDP.entitlements;
				CODE_SIGN_STYLE = Automatic;
				CURRENT_PROJECT_VERSION = 1;
				DEVELOPMENT_ASSET_PATHS = "\"UDP/Preview Content\"";
				DEVELOPMENT_TEAM = N4Y99Y6PT4;
				ENABLE_PREVIEWS = YES;
				GENERATE_INFOPLIST_FILE = YES;
				INFOPLIST_KEY_UIApplicationSceneManifest_Generation = YES;
				INFOPLIST_KEY_UIApplicationSupportsIndirectInputEvents = YES;
				INFOPLIST_KEY_UILaunchScreen_Generation = YES;
				INFOPLIST_KEY_UISupportedInterfaceOrientations_iPad = "UIInterfaceOrientationPortrait UIInterfaceOrientationPortraitUpsideDown UIInterfaceOrientationLandscapeLeft UIInterfaceOrientationLandscapeRight";
				INFOPLIST_KEY_UISupportedInterfaceOrientations_iPhone = "UIInterfaceOrientationPortrait UIInterfaceOrientationLandscapeLeft UIInterfaceOrientationLandscapeRight";
				LD_RUNPATH_SEARCH_PATHS = (
					"$(inherited)",
					"@executable_path/Frameworks",
				);
				MARKETING_VERSION = 1.0;
				PRODUCT_BUNDLE_IDENTIFIER = com.AliAghamirbabei.UDP;
				PRODUCT_NAME = "$(TARGET_NAME)";
				SUPPORTS_MACCATALYST = YES;
				SWIFT_EMIT_LOC_STRINGS = YES;
				SWIFT_VERSION = 5.0;
				TARGETED_DEVICE_FAMILY = "1,2,6";
			};
			name = Debug;
		};
		30353D062764ACB0008AD799 /* Release */ = {
			isa = XCBuildConfiguration;
			buildSettings = {
				ASSETCATALOG_COMPILER_APPICON_NAME = AppIcon;
				ASSETCATALOG_COMPILER_GLOBAL_ACCENT_COLOR_NAME = AccentColor;
				CODE_SIGN_ENTITLEMENTS = UDP/UDP.entitlements;
				CODE_SIGN_STYLE = Automatic;
				CURRENT_PROJECT_VERSION = 1;
				DEVELOPMENT_ASSET_PATHS = "\"UDP/Preview Content\"";
				DEVELOPMENT_TEAM = N4Y99Y6PT4;
				ENABLE_PREVIEWS = YES;
				GENERATE_INFOPLIST_FILE = YES;
				INFOPLIST_KEY_UIApplicationSceneManifest_Generation = YES;
				INFOPLIST_KEY_UIApplicationSupportsIndirectInputEvents = YES;
				INFOPLIST_KEY_UILaunchScreen_Generation = YES;
				INFOPLIST_KEY_UISupportedInterfaceOrientations_iPad = "UIInterfaceOrientationPortrait UIInterfaceOrientationPortraitUpsideDown UIInterfaceOrientationLandscapeLeft UIInterfaceOrientationLandscapeRight";
				INFOPLIST_KEY_UISupportedInterfaceOrientations_iPhone = "UIInterfaceOrientationPortrait UIInterfaceOrientationLandscapeLeft UIInterfaceOrientationLandscapeRight";
				LD_RUNPATH_SEARCH_PATHS = (
					"$(inherited)",
					"@executable_path/Frameworks",
				);
				MARKETING_VERSION = 1.0;
				PRODUCT_BUNDLE_IDENTIFIER = com.AliAghamirbabei.UDP;
				PRODUCT_NAME = "$(TARGET_NAME)";
				SUPPORTS_MACCATALYST = YES;
				SWIFT_EMIT_LOC_STRINGS = YES;
				SWIFT_VERSION = 5.0;
				TARGETED_DEVICE_FAMILY = "1,2,6";
			};
			name = Release;
		};
/* End XCBuildConfiguration section */

/* Begin XCConfigurationList section */
		30353CF12764ACAE008AD799 /* Build configuration list for PBXProject "UDP" */ = {
			isa = XCConfigurationList;
			buildConfigurations = (
				30353D022764ACB0008AD799 /* Debug */,
				30353D032764ACB0008AD799 /* Release */,
			);
			defaultConfigurationIsVisible = 0;
			defaultConfigurationName = Release;
		};
		30353D042764ACB0008AD799 /* Build configuration list for PBXNativeTarget "UDP" */ = {
			isa = XCConfigurationList;
			buildConfigurations = (
				30353D052764ACB0008AD799 /* Debug */,
				30353D062764ACB0008AD799 /* Release */,
			);
			defaultConfigurationIsVisible = 0;
			defaultConfigurationName = Release;
		};
/* End XCConfigurationList section */
	};
	rootObject = 30353CEE2764ACAE008AD799 /* Project object */;
}
